// !$*UTF8*$!
{
	archiveVersion = 1;
	classes = {
	};
	objectVersion = 50;
	objects = {

/* Begin PBXBuildFile section */
		8B26F83F2597533E00ABACE7 /* PostCollectionViewCell.swift in Sources */ = {isa = PBXBuildFile; fileRef = 8B26F83E2597533E00ABACE7 /* PostCollectionViewCell.swift */; };
		8B41A4F22595F7D00086CAA3 /* FeedViewController.swift in Sources */ = {isa = PBXBuildFile; fileRef = 8B41A4F12595F7D00086CAA3 /* FeedViewController.swift */; };
		8B41A4F52595F7DB0086CAA3 /* SearchViewController.swift in Sources */ = {isa = PBXBuildFile; fileRef = 8B41A4F42595F7DB0086CAA3 /* SearchViewController.swift */; };
		8B41A4F82595F7E50086CAA3 /* ImageSelectorViewController.swift in Sources */ = {isa = PBXBuildFile; fileRef = 8B41A4F72595F7E50086CAA3 /* ImageSelectorViewController.swift */; };
		8B41A4FB2595F7EC0086CAA3 /* NotificationsViewController.swift in Sources */ = {isa = PBXBuildFile; fileRef = 8B41A4FA2595F7EC0086CAA3 /* NotificationsViewController.swift */; };
		8B41A5022595F80D0086CAA3 /* ProfileViewController.swift in Sources */ = {isa = PBXBuildFile; fileRef = 8B41A5012595F80D0086CAA3 /* ProfileViewController.swift */; };
		8BC144282595EF16006095CC /* AppDelegate.swift in Sources */ = {isa = PBXBuildFile; fileRef = 8BC144272595EF16006095CC /* AppDelegate.swift */; };
		8BC1442A2595EF16006095CC /* SceneDelegate.swift in Sources */ = {isa = PBXBuildFile; fileRef = 8BC144292595EF16006095CC /* SceneDelegate.swift */; };
		8BC1442C2595EF16006095CC /* NavigatorViewController.swift in Sources */ = {isa = PBXBuildFile; fileRef = 8BC1442B2595EF16006095CC /* NavigatorViewController.swift */; };
		8BC144312595EF18006095CC /* Assets.xcassets in Resources */ = {isa = PBXBuildFile; fileRef = 8BC144302595EF18006095CC /* Assets.xcassets */; };
		8BC144342595EF18006095CC /* LaunchScreen.storyboard in Resources */ = {isa = PBXBuildFile; fileRef = 8BC144322595EF18006095CC /* LaunchScreen.storyboard */; };
/* End PBXBuildFile section */

/* Begin PBXFileReference section */
		8B26F83E2597533E00ABACE7 /* PostCollectionViewCell.swift */ = {isa = PBXFileReference; lastKnownFileType = sourcecode.swift; path = PostCollectionViewCell.swift; sourceTree = "<group>"; };
		8B41A4F12595F7D00086CAA3 /* FeedViewController.swift */ = {isa = PBXFileReference; lastKnownFileType = sourcecode.swift; path = FeedViewController.swift; sourceTree = "<group>"; };
		8B41A4F42595F7DB0086CAA3 /* SearchViewController.swift */ = {isa = PBXFileReference; lastKnownFileType = sourcecode.swift; path = SearchViewController.swift; sourceTree = "<group>"; };
		8B41A4F72595F7E50086CAA3 /* ImageSelectorViewController.swift */ = {isa = PBXFileReference; lastKnownFileType = sourcecode.swift; path = ImageSelectorViewController.swift; sourceTree = "<group>"; };
		8B41A4FA2595F7EC0086CAA3 /* NotificationsViewController.swift */ = {isa = PBXFileReference; lastKnownFileType = sourcecode.swift; path = NotificationsViewController.swift; sourceTree = "<group>"; };
		8B41A5012595F80D0086CAA3 /* ProfileViewController.swift */ = {isa = PBXFileReference; lastKnownFileType = sourcecode.swift; path = ProfileViewController.swift; sourceTree = "<group>"; };
		8BC144242595EF16006095CC /* InstagramClone.app */ = {isa = PBXFileReference; explicitFileType = wrapper.application; includeInIndex = 0; path = InstagramClone.app; sourceTree = BUILT_PRODUCTS_DIR; };
		8BC144272595EF16006095CC /* AppDelegate.swift */ = {isa = PBXFileReference; lastKnownFileType = sourcecode.swift; path = AppDelegate.swift; sourceTree = "<group>"; };
		8BC144292595EF16006095CC /* SceneDelegate.swift */ = {isa = PBXFileReference; lastKnownFileType = sourcecode.swift; path = SceneDelegate.swift; sourceTree = "<group>"; };
		8BC1442B2595EF16006095CC /* NavigatorViewController.swift */ = {isa = PBXFileReference; lastKnownFileType = sourcecode.swift; path = NavigatorViewController.swift; sourceTree = "<group>"; };
		8BC144302595EF18006095CC /* Assets.xcassets */ = {isa = PBXFileReference; lastKnownFileType = folder.assetcatalog; path = Assets.xcassets; sourceTree = "<group>"; };
		8BC144332595EF18006095CC /* Base */ = {isa = PBXFileReference; lastKnownFileType = file.storyboard; name = Base; path = Base.lproj/LaunchScreen.storyboard; sourceTree = "<group>"; };
		8BC144352595EF18006095CC /* Info.plist */ = {isa = PBXFileReference; lastKnownFileType = text.plist.xml; path = Info.plist; sourceTree = "<group>"; };
/* End PBXFileReference section */

/* Begin PBXFrameworksBuildPhase section */
		8BC144212595EF16006095CC /* Frameworks */ = {
			isa = PBXFrameworksBuildPhase;
			buildActionMask = 2147483647;
			files = (
			);
			runOnlyForDeploymentPostprocessing = 0;
		};
/* End PBXFrameworksBuildPhase section */

/* Begin PBXGroup section */
		8B26F83D2597531F00ABACE7 /* Cell */ = {
			isa = PBXGroup;
			children = (
				8B26F83E2597533E00ABACE7 /* PostCollectionViewCell.swift */,
			);
			path = Cell;
			sourceTree = "<group>";
		};
		8B41A5042595FD550086CAA3 /* Feed */ = {
			isa = PBXGroup;
			children = (
				8B26F83D2597531F00ABACE7 /* Cell */,
				8B41A4F12595F7D00086CAA3 /* FeedViewController.swift */,
			);
			path = Feed;
			sourceTree = "<group>";
		};
		8B41A5052595FD6A0086CAA3 /* Search */ = {
			isa = PBXGroup;
			children = (
				8B41A4F42595F7DB0086CAA3 /* SearchViewController.swift */,
			);
			path = Search;
			sourceTree = "<group>";
		};
		8B41A5062595FD710086CAA3 /* ImageSelector */ = {
			isa = PBXGroup;
			children = (
				8B41A4F72595F7E50086CAA3 /* ImageSelectorViewController.swift */,
			);
			path = ImageSelector;
			sourceTree = "<group>";
		};
		8B41A5072595FD7D0086CAA3 /* Notifications */ = {
			isa = PBXGroup;
			children = (
				8B41A4FA2595F7EC0086CAA3 /* NotificationsViewController.swift */,
			);
			path = Notifications;
			sourceTree = "<group>";
		};
		8B41A5082595FD850086CAA3 /* Profile */ = {
			isa = PBXGroup;
			children = (
				8B41A5012595F80D0086CAA3 /* ProfileViewController.swift */,
			);
			path = Profile;
			sourceTree = "<group>";
		};
		8BC1441B2595EF16006095CC = {
			isa = PBXGroup;
			children = (
				8BC144262595EF16006095CC /* InstagramClone */,
				8BC144252595EF16006095CC /* Products */,
			);
			sourceTree = "<group>";
		};
		8BC144252595EF16006095CC /* Products */ = {
			isa = PBXGroup;
			children = (
				8BC144242595EF16006095CC /* InstagramClone.app */,
			);
			name = Products;
			sourceTree = "<group>";
		};
		8BC144262595EF16006095CC /* InstagramClone */ = {
			isa = PBXGroup;
			children = (
				8BC1443C2595EF52006095CC /* Data */,
				8BC1443D2595EF5A006095CC /* Domain */,
				8BC1443E2595EF66006095CC /* Presentation */,
				8BC144302595EF18006095CC /* Assets.xcassets */,
				8BC144322595EF18006095CC /* LaunchScreen.storyboard */,
				8BC144352595EF18006095CC /* Info.plist */,
			);
			path = InstagramClone;
			sourceTree = "<group>";
		};
		8BC1443C2595EF52006095CC /* Data */ = {
			isa = PBXGroup;
			children = (
			);
			path = Data;
			sourceTree = "<group>";
		};
		8BC1443D2595EF5A006095CC /* Domain */ = {
			isa = PBXGroup;
			children = (
			);
			path = Domain;
			sourceTree = "<group>";
		};
		8BC1443E2595EF66006095CC /* Presentation */ = {
			isa = PBXGroup;
			children = (
				8B41A5082595FD850086CAA3 /* Profile */,
				8B41A5072595FD7D0086CAA3 /* Notifications */,
				8B41A5062595FD710086CAA3 /* ImageSelector */,
				8B41A5052595FD6A0086CAA3 /* Search */,
				8B41A5042595FD550086CAA3 /* Feed */,
				8BC144272595EF16006095CC /* AppDelegate.swift */,
				8BC144292595EF16006095CC /* SceneDelegate.swift */,
				8BC1442B2595EF16006095CC /* NavigatorViewController.swift */,
			);
			path = Presentation;
			sourceTree = "<group>";
		};
/* End PBXGroup section */

/* Begin PBXNativeTarget section */
		8BC144232595EF16006095CC /* InstagramClone */ = {
			isa = PBXNativeTarget;
			buildConfigurationList = 8BC144382595EF18006095CC /* Build configuration list for PBXNativeTarget "InstagramClone" */;
			buildPhases = (
				8BC144202595EF16006095CC /* Sources */,
				8BC144212595EF16006095CC /* Frameworks */,
				8BC144222595EF16006095CC /* Resources */,
			);
			buildRules = (
			);
			dependencies = (
			);
			name = InstagramClone;
			productName = InstagramClone;
			productReference = 8BC144242595EF16006095CC /* InstagramClone.app */;
			productType = "com.apple.product-type.application";
		};
/* End PBXNativeTarget section */

/* Begin PBXProject section */
		8BC1441C2595EF16006095CC /* Project object */ = {
			isa = PBXProject;
			attributes = {
				LastSwiftUpdateCheck = 1220;
				LastUpgradeCheck = 1220;
				TargetAttributes = {
					8BC144232595EF16006095CC = {
						CreatedOnToolsVersion = 12.2;
					};
				};
			};
			buildConfigurationList = 8BC1441F2595EF16006095CC /* Build configuration list for PBXProject "InstagramClone" */;
			compatibilityVersion = "Xcode 9.3";
			developmentRegion = en;
			hasScannedForEncodings = 0;
			knownRegions = (
				en,
				Base,
			);
			mainGroup = 8BC1441B2595EF16006095CC;
			productRefGroup = 8BC144252595EF16006095CC /* Products */;
			projectDirPath = "";
			projectRoot = "";
			targets = (
				8BC144232595EF16006095CC /* InstagramClone */,
			);
		};
/* End PBXProject section */

/* Begin PBXResourcesBuildPhase section */
		8BC144222595EF16006095CC /* Resources */ = {
			isa = PBXResourcesBuildPhase;
			buildActionMask = 2147483647;
			files = (
				8BC144342595EF18006095CC /* LaunchScreen.storyboard in Resources */,
				8BC144312595EF18006095CC /* Assets.xcassets in Resources */,
			);
			runOnlyForDeploymentPostprocessing = 0;
		};
/* End PBXResourcesBuildPhase section */

/* Begin PBXSourcesBuildPhase section */
		8BC144202595EF16006095CC /* Sources */ = {
			isa = PBXSourcesBuildPhase;
			buildActionMask = 2147483647;
			files = (
				8B41A4F52595F7DB0086CAA3 /* SearchViewController.swift in Sources */,
				8BC1442C2595EF16006095CC /* NavigatorViewController.swift in Sources */,
				8BC144282595EF16006095CC /* AppDelegate.swift in Sources */,
				8B41A4F22595F7D00086CAA3 /* FeedViewController.swift in Sources */,
				8BC1442A2595EF16006095CC /* SceneDelegate.swift in Sources */,
				8B41A4FB2595F7EC0086CAA3 /* NotificationsViewController.swift in Sources */,
				8B41A5022595F80D0086CAA3 /* ProfileViewController.swift in Sources */,
				8B41A4F82595F7E50086CAA3 /* ImageSelectorViewController.swift in Sources */,
				8B26F83F2597533E00ABACE7 /* PostCollectionViewCell.swift in Sources */,
			);
			runOnlyForDeploymentPostprocessing = 0;
		};
/* End PBXSourcesBuildPhase section */

/* Begin PBXVariantGroup section */
		8BC144322595EF18006095CC /* LaunchScreen.storyboard */ = {
			isa = PBXVariantGroup;
			children = (
				8BC144332595EF18006095CC /* Base */,
			);
			name = LaunchScreen.storyboard;
			sourceTree = "<group>";
		};
/* End PBXVariantGroup section */

/* Begin XCBuildConfiguration section */
		8BC144362595EF18006095CC /* Debug */ = {
			isa = XCBuildConfiguration;
			buildSettings = {
				ALWAYS_SEARCH_USER_PATHS = NO;
				CLANG_ANALYZER_NONNULL = YES;
				CLANG_ANALYZER_NUMBER_OBJECT_CONVERSION = YES_AGGRESSIVE;
				CLANG_CXX_LANGUAGE_STANDARD = "gnu++14";
				CLANG_CXX_LIBRARY = "libc++";
				CLANG_ENABLE_MODULES = YES;
				CLANG_ENABLE_OBJC_ARC = YES;
				CLANG_ENABLE_OBJC_WEAK = YES;
				CLANG_WARN_BLOCK_CAPTURE_AUTORELEASING = YES;
				CLANG_WARN_BOOL_CONVERSION = YES;
				CLANG_WARN_COMMA = YES;
				CLANG_WARN_CONSTANT_CONVERSION = YES;
				CLANG_WARN_DEPRECATED_OBJC_IMPLEMENTATIONS = YES;
				CLANG_WARN_DIRECT_OBJC_ISA_USAGE = YES_ERROR;
				CLANG_WARN_DOCUMENTATION_COMMENTS = YES;
				CLANG_WARN_EMPTY_BODY = YES;
				CLANG_WARN_ENUM_CONVERSION = YES;
				CLANG_WARN_INFINITE_RECURSION = YES;
				CLANG_WARN_INT_CONVERSION = YES;
				CLANG_WARN_NON_LITERAL_NULL_CONVERSION = YES;
				CLANG_WARN_OBJC_IMPLICIT_RETAIN_SELF = YES;
				CLANG_WARN_OBJC_LITERAL_CONVERSION = YES;
				CLANG_WARN_OBJC_ROOT_CLASS = YES_ERROR;
				CLANG_WARN_QUOTED_INCLUDE_IN_FRAMEWORK_HEADER = YES;
				CLANG_WARN_RANGE_LOOP_ANALYSIS = YES;
				CLANG_WARN_STRICT_PROTOTYPES = YES;
				CLANG_WARN_SUSPICIOUS_MOVE = YES;
				CLANG_WARN_UNGUARDED_AVAILABILITY = YES_AGGRESSIVE;
				CLANG_WARN_UNREACHABLE_CODE = YES;
				CLANG_WARN__DUPLICATE_METHOD_MATCH = YES;
				COPY_PHASE_STRIP = NO;
				DEBUG_INFORMATION_FORMAT = dwarf;
				ENABLE_STRICT_OBJC_MSGSEND = YES;
				ENABLE_TESTABILITY = YES;
				GCC_C_LANGUAGE_STANDARD = gnu11;
				GCC_DYNAMIC_NO_PIC = NO;
				GCC_NO_COMMON_BLOCKS = YES;
				GCC_OPTIMIZATION_LEVEL = 0;
				GCC_PREPROCESSOR_DEFINITIONS = (
					"DEBUG=1",
					"$(inherited)",
				);
				GCC_WARN_64_TO_32_BIT_CONVERSION = YES;
				GCC_WARN_ABOUT_RETURN_TYPE = YES_ERROR;
				GCC_WARN_UNDECLARED_SELECTOR = YES;
				GCC_WARN_UNINITIALIZED_AUTOS = YES_AGGRESSIVE;
				GCC_WARN_UNUSED_FUNCTION = YES;
				GCC_WARN_UNUSED_VARIABLE = YES;
				IPHONEOS_DEPLOYMENT_TARGET = 14.2;
				MTL_ENABLE_DEBUG_INFO = INCLUDE_SOURCE;
				MTL_FAST_MATH = YES;
				ONLY_ACTIVE_ARCH = YES;
				SDKROOT = iphoneos;
				SWIFT_ACTIVE_COMPILATION_CONDITIONS = DEBUG;
				SWIFT_OPTIMIZATION_LEVEL = "-Onone";
			};
			name = Debug;
		};
		8BC144372595EF18006095CC /* Release */ = {
			isa = XCBuildConfiguration;
			buildSettings = {
				ALWAYS_SEARCH_USER_PATHS = NO;
				CLANG_ANALYZER_NONNULL = YES;
				CLANG_ANALYZER_NUMBER_OBJECT_CONVERSION = YES_AGGRESSIVE;
				CLANG_CXX_LANGUAGE_STANDARD = "gnu++14";
				CLANG_CXX_LIBRARY = "libc++";
				CLANG_ENABLE_MODULES = YES;
				CLANG_ENABLE_OBJC_ARC = YES;
				CLANG_ENABLE_OBJC_WEAK = YES;
				CLANG_WARN_BLOCK_CAPTURE_AUTORELEASING = YES;
				CLANG_WARN_BOOL_CONVERSION = YES;
				CLANG_WARN_COMMA = YES;
				CLANG_WARN_CONSTANT_CONVERSION = YES;
				CLANG_WARN_DEPRECATED_OBJC_IMPLEMENTATIONS = YES;
				CLANG_WARN_DIRECT_OBJC_ISA_USAGE = YES_ERROR;
				CLANG_WARN_DOCUMENTATION_COMMENTS = YES;
				CLANG_WARN_EMPTY_BODY = YES;
				CLANG_WARN_ENUM_CONVERSION = YES;
				CLANG_WARN_INFINITE_RECURSION = YES;
				CLANG_WARN_INT_CONVERSION = YES;
				CLANG_WARN_NON_LITERAL_NULL_CONVERSION = YES;
				CLANG_WARN_OBJC_IMPLICIT_RETAIN_SELF = YES;
				CLANG_WARN_OBJC_LITERAL_CONVERSION = YES;
				CLANG_WARN_OBJC_ROOT_CLASS = YES_ERROR;
				CLANG_WARN_QUOTED_INCLUDE_IN_FRAMEWORK_HEADER = YES;
				CLANG_WARN_RANGE_LOOP_ANALYSIS = YES;
				CLANG_WARN_STRICT_PROTOTYPES = YES;
				CLANG_WARN_SUSPICIOUS_MOVE = YES;
				CLANG_WARN_UNGUARDED_AVAILABILITY = YES_AGGRESSIVE;
				CLANG_WARN_UNREACHABLE_CODE = YES;
				CLANG_WARN__DUPLICATE_METHOD_MATCH = YES;
				COPY_PHASE_STRIP = NO;
				DEBUG_INFORMATION_FORMAT = "dwarf-with-dsym";
				ENABLE_NS_ASSERTIONS = NO;
				ENABLE_STRICT_OBJC_MSGSEND = YES;
				GCC_C_LANGUAGE_STANDARD = gnu11;
				GCC_NO_COMMON_BLOCKS = YES;
				GCC_WARN_64_TO_32_BIT_CONVERSION = YES;
				GCC_WARN_ABOUT_RETURN_TYPE = YES_ERROR;
				GCC_WARN_UNDECLARED_SELECTOR = YES;
				GCC_WARN_UNINITIALIZED_AUTOS = YES_AGGRESSIVE;
				GCC_WARN_UNUSED_FUNCTION = YES;
				GCC_WARN_UNUSED_VARIABLE = YES;
				IPHONEOS_DEPLOYMENT_TARGET = 14.2;
				MTL_ENABLE_DEBUG_INFO = NO;
				MTL_FAST_MATH = YES;
				SDKROOT = iphoneos;
				SWIFT_COMPILATION_MODE = wholemodule;
				SWIFT_OPTIMIZATION_LEVEL = "-O";
				VALIDATE_PRODUCT = YES;
			};
			name = Release;
		};
		8BC144392595EF18006095CC /* Debug */ = {
			isa = XCBuildConfiguration;
			buildSettings = {
				ASSETCATALOG_COMPILER_APPICON_NAME = AppIcon;
				ASSETCATALOG_COMPILER_GLOBAL_ACCENT_COLOR_NAME = AccentColor;
				CODE_SIGN_STYLE = Automatic;
				INFOPLIST_FILE = InstagramClone/Info.plist;
				LD_RUNPATH_SEARCH_PATHS = (
					"$(inherited)",
					"@executable_path/Frameworks",
				);
				PRODUCT_BUNDLE_IDENTIFIER = com.riccardocalligaro.InstagramClone;
				PRODUCT_NAME = "$(TARGET_NAME)";
				SWIFT_VERSION = 5.0;
				TARGETED_DEVICE_FAMILY = "1,2";
			};
			name = Debug;
		};
		8BC1443A2595EF18006095CC /* Release */ = {
			isa = XCBuildConfiguration;
			buildSettings = {
				ASSETCATALOG_COMPILER_APPICON_NAME = AppIcon;
				ASSETCATALOG_COMPILER_GLOBAL_ACCENT_COLOR_NAME = AccentColor;
				CODE_SIGN_STYLE = Automatic;
				INFOPLIST_FILE = InstagramClone/Info.plist;
				LD_RUNPATH_SEARCH_PATHS = (
					"$(inherited)",
					"@executable_path/Frameworks",
				);
				PRODUCT_BUNDLE_IDENTIFIER = com.riccardocalligaro.InstagramClone;
				PRODUCT_NAME = "$(TARGET_NAME)";
				SWIFT_VERSION = 5.0;
				TARGETED_DEVICE_FAMILY = "1,2";
			};
			name = Release;
		};
/* End XCBuildConfiguration section */

/* Begin XCConfigurationList section */
		8BC1441F2595EF16006095CC /* Build configuration list for PBXProject "InstagramClone" */ = {
			isa = XCConfigurationList;
			buildConfigurations = (
				8BC144362595EF18006095CC /* Debug */,
				8BC144372595EF18006095CC /* Release */,
			);
			defaultConfigurationIsVisible = 0;
			defaultConfigurationName = Release;
		};
		8BC144382595EF18006095CC /* Build configuration list for PBXNativeTarget "InstagramClone" */ = {
			isa = XCConfigurationList;
			buildConfigurations = (
				8BC144392595EF18006095CC /* Debug */,
				8BC1443A2595EF18006095CC /* Release */,
			);
			defaultConfigurationIsVisible = 0;
			defaultConfigurationName = Release;
		};
/* End XCConfigurationList section */
	};
	rootObject = 8BC1441C2595EF16006095CC /* Project object */;
}
